
Microsoft Visual Studio Solution File, Format Version 12.00
# Visual Studio Version 17
VisualStudioVersion = 17.14.36429.23 d17.14
MinimumVisualStudioVersion = 10.0.40219.1
Project("{FAE04EC0-301F-11D3-BF4B-00C04F79EFBC}") = "Grievance.API", "EncoraOne.Services.AuthAPI\Grievance.API.csproj", "{CFCFE0AC-2F96-4FB1-8AC3-91EF08D285FF}"
EndProject
Global
	GlobalSection(SolutionConfigurationPlatforms) = preSolution
		Debug|Any CPU = Debug|Any CPU
		Release|Any CPU = Release|Any CPU
	EndGlobalSection
	GlobalSection(ProjectConfigurationPlatforms) = postSolution
		{CFCFE0AC-2F96-4FB1-8AC3-91EF08D285FF}.Debug|Any CPU.ActiveCfg = Debug|Any CPU
		{CFCFE0AC-2F96-4FB1-8AC3-91EF08D285FF}.Debug|Any CPU.Build.0 = Debug|Any CPU
		{CFCFE0AC-2F96-4FB1-8AC3-91EF08D285FF}.Release|Any CPU.ActiveCfg = Release|Any CPU
		{CFCFE0AC-2F96-4FB1-8AC3-91EF08D285FF}.Release|Any CPU.Build.0 = Release|Any CPU
	EndGlobalSection
	GlobalSection(SolutionProperties) = preSolution
		HideSolutionNode = FALSE
	EndGlobalSection
	GlobalSection(ExtensibilityGlobals) = postSolution
		SolutionGuid = {D448C9F4-053E-4CD5-A511-9B945780C419}
	EndGlobalSection
EndGlobal
